// !$*UTF8*$!
{
	archiveVersion = 1;
	classes = {
	};
	objectVersion = 46;
	objects = {

/* Begin PBXBuildFile section */
		9C05D8181A7FF643004CC092 /* Prototype.m in Sources */ = {isa = PBXBuildFile; fileRef = 9C05D8171A7FF643004CC092 /* Prototype.m */; };
		9CAF19551A7C5A9E009C7560 /* main.m in Sources */ = {isa = PBXBuildFile; fileRef = 9CAF19541A7C5A9E009C7560 /* main.m */; };
/* End PBXBuildFile section */

/* Begin PBXCopyFilesBuildPhase section */
		9CAF194F1A7C5A9E009C7560 /* CopyFiles */ = {
			isa = PBXCopyFilesBuildPhase;
			buildActionMask = 2147483647;
			dstPath = /usr/share/man/man1/;
			dstSubfolderSpec = 0;
			files = (
			);
			runOnlyForDeploymentPostprocessing = 1;
		};
/* End PBXCopyFilesBuildPhase section */

/* Begin PBXFileReference section */
		9C05D8161A7FF643004CC092 /* Prototype.h */ = {isa = PBXFileReference; fileEncoding = 4; lastKnownFileType = sourcecode.c.h; path = Prototype.h; sourceTree = "<group>"; };
		9C05D8171A7FF643004CC092 /* Prototype.m */ = {isa = PBXFileReference; fileEncoding = 4; lastKnownFileType = sourcecode.c.objc; path = Prototype.m; sourceTree = "<group>"; };
		9CAF19511A7C5A9E009C7560 /* Prototype */ = {isa = PBXFileReference; explicitFileType = "compiled.mach-o.executable"; includeInIndex = 0; path = Prototype; sourceTree = BUILT_PRODUCTS_DIR; };
		9CAF19541A7C5A9E009C7560 /* main.m */ = {isa = PBXFileReference; lastKnownFileType = sourcecode.c.objc; path = main.m; sourceTree = "<group>"; };
/* End PBXFileReference section */

/* Begin PBXFrameworksBuildPhase section */
		9CAF194E1A7C5A9E009C7560 /* Frameworks */ = {
			isa = PBXFrameworksBuildPhase;
			buildActionMask = 2147483647;
			files = (
			);
			runOnlyForDeploymentPostprocessing = 0;
		};
/* End PBXFrameworksBuildPhase section */

/* Begin PBXGroup section */
		9CAF19481A7C5A9E009C7560 = {
			isa = PBXGroup;
			children = (
				9CAF19531A7C5A9E009C7560 /* Prototype */,
				9CAF19521A7C5A9E009C7560 /* Products */,
			);
			sourceTree = "<group>";
		};
		9CAF19521A7C5A9E009C7560 /* Products */ = {
			isa = PBXGroup;
			children = (
				9CAF19511A7C5A9E009C7560 /* Prototype */,
			);
			name = Products;
			sourceTree = "<group>";
		};
		9CAF19531A7C5A9E009C7560 /* Prototype */ = {
			isa = PBXGroup;
			children = (
				9CAF19541A7C5A9E009C7560 /* main.m */,
				9C05D8161A7FF643004CC092 /* Prototype.h */,
				9C05D8171A7FF643004CC092 /* Prototype.m */,
			);
			path = Prototype;
			sourceTree = "<group>";
		};
/* End PBXGroup section */

/* Begin PBXNativeTarget section */
		9CAF19501A7C5A9E009C7560 /* Prototype */ = {
			isa = PBXNativeTarget;
			buildConfigurationList = 9CAF19581A7C5A9E009C7560 /* Build configuration list for PBXNativeTarget "Prototype" */;
			buildPhases = (
				9CAF194D1A7C5A9E009C7560 /* Sources */,
				9CAF194E1A7C5A9E009C7560 /* Frameworks */,
				9CAF194F1A7C5A9E009C7560 /* CopyFiles */,
			);
			buildRules = (
			);
			dependencies = (
			);
			name = Prototype;
			productName = Prototype;
			productReference = 9CAF19511A7C5A9E009C7560 /* Prototype */;
			productType = "com.apple.product-type.tool";
		};
/* End PBXNativeTarget section */

/* Begin PBXProject section */
		9CAF19491A7C5A9E009C7560 /* Project object */ = {
			isa = PBXProject;
			attributes = {
				LastUpgradeCheck = 0610;
				ORGANIZATIONNAME = "Shengzhe Chen";
				TargetAttributes = {
					9CAF19501A7C5A9E009C7560 = {
						CreatedOnToolsVersion = 6.1;
					};
				};
			};
			buildConfigurationList = 9CAF194C1A7C5A9E009C7560 /* Build configuration list for PBXProject "Prototype" */;
			compatibilityVersion = "Xcode 3.2";
			developmentRegion = English;
			hasScannedForEncodings = 0;
			knownRegions = (
				en,
			);
			mainGroup = 9CAF19481A7C5A9E009C7560;
			productRefGroup = 9CAF19521A7C5A9E009C7560 /* Products */;
			projectDirPath = "";
			projectRoot = "";
			targets = (
				9CAF19501A7C5A9E009C7560 /* Prototype */,
			);
		};
/* End PBXProject section */

/* Begin PBXSourcesBuildPhase section */
		9CAF194D1A7C5A9E009C7560 /* Sources */ = {
			isa = PBXSourcesBuildPhase;
			buildActionMask = 2147483647;
			files = (
				9C05D8181A7FF643004CC092 /* Prototype.m in Sources */,
				9CAF19551A7C5A9E009C7560 /* main.m in Sources */,
			);
			runOnlyForDeploymentPostprocessing = 0;
		};
/* End PBXSourcesBuildPhase section */

/* Begin XCBuildConfiguration section */
		9CAF19561A7C5A9E009C7560 /* Debug */ = {
			isa = XCBuildConfiguration;
			buildSettings = {
				ALWAYS_SEARCH_USER_PATHS = NO;
				CLANG_CXX_LANGUAGE_STANDARD = "gnu++0x";
				CLANG_CXX_LIBRARY = "libc++";
				CLANG_ENABLE_MODULES = YES;
				CLANG_ENABLE_OBJC_ARC = YES;
				CLANG_WARN_BOOL_CONVERSION = YES;
				CLANG_WARN_CONSTANT_CONVERSION = YES;
				CLANG_WARN_DIRECT_OBJC_ISA_USAGE = YES_ERROR;
				CLANG_WARN_EMPTY_BODY = YES;
				CLANG_WARN_ENUM_CONVERSION = YES;
				CLANG_WARN_INT_CONVERSION = YES;
				CLANG_WARN_OBJC_ROOT_CLASS = YES_ERROR;
				CLANG_WARN_UNREACHABLE_CODE = YES;
				CLANG_WARN__DUPLICATE_METHOD_MATCH = YES;
				COPY_PHASE_STRIP = NO;
				ENABLE_STRICT_OBJC_MSGSEND = YES;
				GCC_C_LANGUAGE_STANDARD = gnu99;
				GCC_DYNAMIC_NO_PIC = NO;
				GCC_OPTIMIZATION_LEVEL = 0;
				GCC_PREPROCESSOR_DEFINITIONS = (
					"DEBUG=1",
					"$(inherited)",
				);
				GCC_SYMBOLS_PRIVATE_EXTERN = NO;
				GCC_WARN_64_TO_32_BIT_CONVERSION = YES;
				GCC_WARN_ABOUT_RETURN_TYPE = YES_ERROR;
				GCC_WARN_UNDECLARED_SELECTOR = YES;
				GCC_WARN_UNINITIALIZED_AUTOS = YES_AGGRESSIVE;
				GCC_WARN_UNUSED_FUNCTION = YES;
				GCC_WARN_UNUSED_VARIABLE = YES;
				MACOSX_DEPLOYMENT_TARGET = 10.10;
				MTL_ENABLE_DEBUG_INFO = YES;
				ONLY_ACTIVE_ARCH = YES;
				SDKROOT = macosx;
			};
			name = Debug;
		};
		9CAF19571A7C5A9E009C7560 /* Release */ = {
			isa = XCBuildConfiguration;
			buildSettings = {
				ALWAYS_SEARCH_USER_PATHS = NO;
				CLANG_CXX_LANGUAGE_STANDARD = "gnu++0x";
				CLANG_CXX_LIBRARY = "libc++";
				CLANG_ENABLE_MODULES = YES;
				CLANG_ENABLE_OBJC_ARC = YES;
				CLANG_WARN_BOOL_CONVERSION = YES;
				CLANG_WARN_CONSTANT_CONVERSION = YES;
				CLANG_WARN_DIRECT_OBJC_ISA_USAGE = YES_ERROR;
				CLANG_WARN_EMPTY_BODY = YES;
				CLANG_WARN_ENUM_CONVERSION = YES;
				CLANG_WARN_INT_CONVERSION = YES;
				CLANG_WARN_OBJC_ROOT_CLASS = YES_ERROR;
				CLANG_WARN_UNREACHABLE_CODE = YES;
				CLANG_WARN__DUPLICATE_METHOD_MATCH = YES;
				COPY_PHASE_STRIP = YES;
				DEBUG_INFORMATION_FORMAT = "dwarf-with-dsym";
				ENABLE_NS_ASSERTIONS = NO;
				ENABLE_STRICT_OBJC_MSGSEND = YES;
				GCC_C_LANGUAGE_STANDARD = gnu99;
				GCC_WARN_64_TO_32_BIT_CONVERSION = YES;
				GCC_WARN_ABOUT_RETURN_TYPE = YES_ERROR;
				GCC_WARN_UNDECLARED_SELECTOR = YES;
				GCC_WARN_UNINITIALIZED_AUTOS = YES_AGGRESSIVE;
				GCC_WARN_UNUSED_FUNCTION = YES;
				GCC_WARN_UNUSED_VARIABLE = YES;
				MACOSX_DEPLOYMENT_TARGET = 10.10;
				MTL_ENABLE_DEBUG_INFO = NO;
				SDKROOT = macosx;
			};
			name = Release;
		};
		9CAF19591A7C5A9E009C7560 /* Debug */ = {
			isa = XCBuildConfiguration;
			buildSettings = {
				PRODUCT_NAME = "$(TARGET_NAME)";
			};
			name = Debug;
		};
		9CAF195A1A7C5A9E009C7560 /* Release */ = {
			isa = XCBuildConfiguration;
			buildSettings = {
				PRODUCT_NAME = "$(TARGET_NAME)";
			};
			name = Release;
		};
/* End XCBuildConfiguration section */

/* Begin XCConfigurationList section */
		9CAF194C1A7C5A9E009C7560 /* Build configuration list for PBXProject "Prototype" */ = {
			isa = XCConfigurationList;
			buildConfigurations = (
				9CAF19561A7C5A9E009C7560 /* Debug */,
				9CAF19571A7C5A9E009C7560 /* Release */,
			);
			defaultConfigurationIsVisible = 0;
			defaultConfigurationName = Release;
		};
		9CAF19581A7C5A9E009C7560 /* Build configuration list for PBXNativeTarget "Prototype" */ = {
			isa = XCConfigurationList;
			buildConfigurations = (
				9CAF19591A7C5A9E009C7560 /* Debug */,
				9CAF195A1A7C5A9E009C7560 /* Release */,
			);
			defaultConfigurationIsVisible = 0;
			defaultConfigurationName = Release;
		};
/* End XCConfigurationList section */
	};
	rootObject = 9CAF19491A7C5A9E009C7560 /* Project object */;
}
