// !$*UTF8*$!
{
	archiveVersion = 1;
	classes = {
	};
	objectVersion = 46;
	objects = {

/* Begin PBXBuildFile section */
		9CF4B5A31A801EFD0030AEB6 /* main.m in Sources */ = {isa = PBXBuildFile; fileRef = 9CF4B5A21A801EFD0030AEB6 /* main.m */; };
		9CF4B5AC1A801F300030AEB6 /* Proxy.m in Sources */ = {isa = PBXBuildFile; fileRef = 9CF4B5AB1A801F300030AEB6 /* Proxy.m */; };
/* End PBXBuildFile section */

/* Begin PBXCopyFilesBuildPhase section */
		9CF4B59D1A801EFD0030AEB6 /* CopyFiles */ = {
			isa = PBXCopyFilesBuildPhase;
			buildActionMask = 2147483647;
			dstPath = /usr/share/man/man1/;
			dstSubfolderSpec = 0;
			files = (
			);
			runOnlyForDeploymentPostprocessing = 1;
		};
/* End PBXCopyFilesBuildPhase section */

/* Begin PBXFileReference section */
		9CF4B59F1A801EFD0030AEB6 /* Proxy */ = {isa = PBXFileReference; explicitFileType = "compiled.mach-o.executable"; includeInIndex = 0; path = Proxy; sourceTree = BUILT_PRODUCTS_DIR; };
		9CF4B5A21A801EFD0030AEB6 /* main.m */ = {isa = PBXFileReference; lastKnownFileType = sourcecode.c.objc; path = main.m; sourceTree = "<group>"; };
		9CF4B5A91A801F170030AEB6 /* Proxy_UML.png */ = {isa = PBXFileReference; lastKnownFileType = image.png; path = Proxy_UML.png; sourceTree = "<group>"; };
		9CF4B5AA1A801F300030AEB6 /* Proxy.h */ = {isa = PBXFileReference; fileEncoding = 4; lastKnownFileType = sourcecode.c.h; path = Proxy.h; sourceTree = "<group>"; };
		9CF4B5AB1A801F300030AEB6 /* Proxy.m */ = {isa = PBXFileReference; fileEncoding = 4; lastKnownFileType = sourcecode.c.objc; path = Proxy.m; sourceTree = "<group>"; };
/* End PBXFileReference section */

/* Begin PBXFrameworksBuildPhase section */
		9CF4B59C1A801EFD0030AEB6 /* Frameworks */ = {
			isa = PBXFrameworksBuildPhase;
			buildActionMask = 2147483647;
			files = (
			);
			runOnlyForDeploymentPostprocessing = 0;
		};
/* End PBXFrameworksBuildPhase section */

/* Begin PBXGroup section */
		9CF4B5961A801EFD0030AEB6 = {
			isa = PBXGroup;
			children = (
				9CF4B5A11A801EFD0030AEB6 /* Proxy */,
				9CF4B5A01A801EFD0030AEB6 /* Products */,
			);
			sourceTree = "<group>";
		};
		9CF4B5A01A801EFD0030AEB6 /* Products */ = {
			isa = PBXGroup;
			children = (
				9CF4B59F1A801EFD0030AEB6 /* Proxy */,
			);
			name = Products;
			sourceTree = "<group>";
		};
		9CF4B5A11A801EFD0030AEB6 /* Proxy */ = {
			isa = PBXGroup;
			children = (
				9CF4B5A91A801F170030AEB6 /* Proxy_UML.png */,
				9CF4B5A21A801EFD0030AEB6 /* main.m */,
				9CF4B5AA1A801F300030AEB6 /* Proxy.h */,
				9CF4B5AB1A801F300030AEB6 /* Proxy.m */,
			);
			path = Proxy;
			sourceTree = "<group>";
		};
/* End PBXGroup section */

/* Begin PBXNativeTarget section */
		9CF4B59E1A801EFD0030AEB6 /* Proxy */ = {
			isa = PBXNativeTarget;
			buildConfigurationList = 9CF4B5A61A801EFD0030AEB6 /* Build configuration list for PBXNativeTarget "Proxy" */;
			buildPhases = (
				9CF4B59B1A801EFD0030AEB6 /* Sources */,
				9CF4B59C1A801EFD0030AEB6 /* Frameworks */,
				9CF4B59D1A801EFD0030AEB6 /* CopyFiles */,
			);
			buildRules = (
			);
			dependencies = (
			);
			name = Proxy;
			productName = Proxy;
			productReference = 9CF4B59F1A801EFD0030AEB6 /* Proxy */;
			productType = "com.apple.product-type.tool";
		};
/* End PBXNativeTarget section */

/* Begin PBXProject section */
		9CF4B5971A801EFD0030AEB6 /* Project object */ = {
			isa = PBXProject;
			attributes = {
				LastUpgradeCheck = 0610;
				ORGANIZATIONNAME = "Shengzhe Chen";
				TargetAttributes = {
					9CF4B59E1A801EFD0030AEB6 = {
						CreatedOnToolsVersion = 6.1;
					};
				};
			};
			buildConfigurationList = 9CF4B59A1A801EFD0030AEB6 /* Build configuration list for PBXProject "Proxy" */;
			compatibilityVersion = "Xcode 3.2";
			developmentRegion = English;
			hasScannedForEncodings = 0;
			knownRegions = (
				en,
			);
			mainGroup = 9CF4B5961A801EFD0030AEB6;
			productRefGroup = 9CF4B5A01A801EFD0030AEB6 /* Products */;
			projectDirPath = "";
			projectRoot = "";
			targets = (
				9CF4B59E1A801EFD0030AEB6 /* Proxy */,
			);
		};
/* End PBXProject section */

/* Begin PBXSourcesBuildPhase section */
		9CF4B59B1A801EFD0030AEB6 /* Sources */ = {
			isa = PBXSourcesBuildPhase;
			buildActionMask = 2147483647;
			files = (
				9CF4B5AC1A801F300030AEB6 /* Proxy.m in Sources */,
				9CF4B5A31A801EFD0030AEB6 /* main.m in Sources */,
			);
			runOnlyForDeploymentPostprocessing = 0;
		};
/* End PBXSourcesBuildPhase section */

/* Begin XCBuildConfiguration section */
		9CF4B5A41A801EFD0030AEB6 /* Debug */ = {
			isa = XCBuildConfiguration;
			buildSettings = {
				ALWAYS_SEARCH_USER_PATHS = NO;
				CLANG_CXX_LANGUAGE_STANDARD = "gnu++0x";
				CLANG_CXX_LIBRARY = "libc++";
				CLANG_ENABLE_MODULES = YES;
				CLANG_ENABLE_OBJC_ARC = YES;
				CLANG_WARN_BOOL_CONVERSION = YES;
				CLANG_WARN_CONSTANT_CONVERSION = YES;
				CLANG_WARN_DIRECT_OBJC_ISA_USAGE = YES_ERROR;
				CLANG_WARN_EMPTY_BODY = YES;
				CLANG_WARN_ENUM_CONVERSION = YES;
				CLANG_WARN_INT_CONVERSION = YES;
				CLANG_WARN_OBJC_ROOT_CLASS = YES_ERROR;
				CLANG_WARN_UNREACHABLE_CODE = YES;
				CLANG_WARN__DUPLICATE_METHOD_MATCH = YES;
				COPY_PHASE_STRIP = NO;
				ENABLE_STRICT_OBJC_MSGSEND = YES;
				GCC_C_LANGUAGE_STANDARD = gnu99;
				GCC_DYNAMIC_NO_PIC = NO;
				GCC_OPTIMIZATION_LEVEL = 0;
				GCC_PREPROCESSOR_DEFINITIONS = (
					"DEBUG=1",
					"$(inherited)",
				);
				GCC_SYMBOLS_PRIVATE_EXTERN = NO;
				GCC_WARN_64_TO_32_BIT_CONVERSION = YES;
				GCC_WARN_ABOUT_RETURN_TYPE = YES_ERROR;
				GCC_WARN_UNDECLARED_SELECTOR = YES;
				GCC_WARN_UNINITIALIZED_AUTOS = YES_AGGRESSIVE;
				GCC_WARN_UNUSED_FUNCTION = YES;
				GCC_WARN_UNUSED_VARIABLE = YES;
				MACOSX_DEPLOYMENT_TARGET = 10.10;
				MTL_ENABLE_DEBUG_INFO = YES;
				ONLY_ACTIVE_ARCH = YES;
				SDKROOT = macosx;
			};
			name = Debug;
		};
		9CF4B5A51A801EFD0030AEB6 /* Release */ = {
			isa = XCBuildConfiguration;
			buildSettings = {
				ALWAYS_SEARCH_USER_PATHS = NO;
				CLANG_CXX_LANGUAGE_STANDARD = "gnu++0x";
				CLANG_CXX_LIBRARY = "libc++";
				CLANG_ENABLE_MODULES = YES;
				CLANG_ENABLE_OBJC_ARC = YES;
				CLANG_WARN_BOOL_CONVERSION = YES;
				CLANG_WARN_CONSTANT_CONVERSION = YES;
				CLANG_WARN_DIRECT_OBJC_ISA_USAGE = YES_ERROR;
				CLANG_WARN_EMPTY_BODY = YES;
				CLANG_WARN_ENUM_CONVERSION = YES;
				CLANG_WARN_INT_CONVERSION = YES;
				CLANG_WARN_OBJC_ROOT_CLASS = YES_ERROR;
				CLANG_WARN_UNREACHABLE_CODE = YES;
				CLANG_WARN__DUPLICATE_METHOD_MATCH = YES;
				COPY_PHASE_STRIP = YES;
				DEBUG_INFORMATION_FORMAT = "dwarf-with-dsym";
				ENABLE_NS_ASSERTIONS = NO;
				ENABLE_STRICT_OBJC_MSGSEND = YES;
				GCC_C_LANGUAGE_STANDARD = gnu99;
				GCC_WARN_64_TO_32_BIT_CONVERSION = YES;
				GCC_WARN_ABOUT_RETURN_TYPE = YES_ERROR;
				GCC_WARN_UNDECLARED_SELECTOR = YES;
				GCC_WARN_UNINITIALIZED_AUTOS = YES_AGGRESSIVE;
				GCC_WARN_UNUSED_FUNCTION = YES;
				GCC_WARN_UNUSED_VARIABLE = YES;
				MACOSX_DEPLOYMENT_TARGET = 10.10;
				MTL_ENABLE_DEBUG_INFO = NO;
				SDKROOT = macosx;
			};
			name = Release;
		};
		9CF4B5A71A801EFD0030AEB6 /* Debug */ = {
			isa = XCBuildConfiguration;
			buildSettings = {
				PRODUCT_NAME = "$(TARGET_NAME)";
			};
			name = Debug;
		};
		9CF4B5A81A801EFD0030AEB6 /* Release */ = {
			isa = XCBuildConfiguration;
			buildSettings = {
				PRODUCT_NAME = "$(TARGET_NAME)";
			};
			name = Release;
		};
/* End XCBuildConfiguration section */

/* Begin XCConfigurationList section */
		9CF4B59A1A801EFD0030AEB6 /* Build configuration list for PBXProject "Proxy" */ = {
			isa = XCConfigurationList;
			buildConfigurations = (
				9CF4B5A41A801EFD0030AEB6 /* Debug */,
				9CF4B5A51A801EFD0030AEB6 /* Release */,
			);
			defaultConfigurationIsVisible = 0;
			defaultConfigurationName = Release;
		};
		9CF4B5A61A801EFD0030AEB6 /* Build configuration list for PBXNativeTarget "Proxy" */ = {
			isa = XCConfigurationList;
			buildConfigurations = (
				9CF4B5A71A801EFD0030AEB6 /* Debug */,
				9CF4B5A81A801EFD0030AEB6 /* Release */,
			);
			defaultConfigurationIsVisible = 0;
		};
/* End XCConfigurationList section */
	};
	rootObject = 9CF4B5971A801EFD0030AEB6 /* Project object */;
}
