// !$*UTF8*$!
{
	archiveVersion = 1;
	classes = {
	};
	objectVersion = 46;
	objects = {

/* Begin PBXBuildFile section */
		9C1EA5661A80522000617F3B /* main.m in Sources */ = {isa = PBXBuildFile; fileRef = 9C1EA5651A80522000617F3B /* main.m */; };
		9C1EA56F1A80556C00617F3B /* Mediator.m in Sources */ = {isa = PBXBuildFile; fileRef = 9C1EA56E1A80556C00617F3B /* Mediator.m */; };
/* End PBXBuildFile section */

/* Begin PBXCopyFilesBuildPhase section */
		9C1EA5601A80522000617F3B /* CopyFiles */ = {
			isa = PBXCopyFilesBuildPhase;
			buildActionMask = 2147483647;
			dstPath = /usr/share/man/man1/;
			dstSubfolderSpec = 0;
			files = (
			);
			runOnlyForDeploymentPostprocessing = 1;
		};
/* End PBXCopyFilesBuildPhase section */

/* Begin PBXFileReference section */
		9C1EA5621A80522000617F3B /* Mediator */ = {isa = PBXFileReference; explicitFileType = "compiled.mach-o.executable"; includeInIndex = 0; path = Mediator; sourceTree = BUILT_PRODUCTS_DIR; };
		9C1EA5651A80522000617F3B /* main.m */ = {isa = PBXFileReference; lastKnownFileType = sourcecode.c.objc; path = main.m; sourceTree = "<group>"; };
		9C1EA56C1A80550D00617F3B /* Mediator_UML.png */ = {isa = PBXFileReference; lastKnownFileType = image.png; path = Mediator_UML.png; sourceTree = "<group>"; };
		9C1EA56D1A80556C00617F3B /* Mediator.h */ = {isa = PBXFileReference; fileEncoding = 4; lastKnownFileType = sourcecode.c.h; path = Mediator.h; sourceTree = "<group>"; };
		9C1EA56E1A80556C00617F3B /* Mediator.m */ = {isa = PBXFileReference; fileEncoding = 4; lastKnownFileType = sourcecode.c.objc; path = Mediator.m; sourceTree = "<group>"; };
/* End PBXFileReference section */

/* Begin PBXFrameworksBuildPhase section */
		9C1EA55F1A80522000617F3B /* Frameworks */ = {
			isa = PBXFrameworksBuildPhase;
			buildActionMask = 2147483647;
			files = (
			);
			runOnlyForDeploymentPostprocessing = 0;
		};
/* End PBXFrameworksBuildPhase section */

/* Begin PBXGroup section */
		9C1EA5591A80522000617F3B = {
			isa = PBXGroup;
			children = (
				9C1EA5641A80522000617F3B /* Mediator */,
				9C1EA5631A80522000617F3B /* Products */,
			);
			sourceTree = "<group>";
		};
		9C1EA5631A80522000617F3B /* Products */ = {
			isa = PBXGroup;
			children = (
				9C1EA5621A80522000617F3B /* Mediator */,
			);
			name = Products;
			sourceTree = "<group>";
		};
		9C1EA5641A80522000617F3B /* Mediator */ = {
			isa = PBXGroup;
			children = (
				9C1EA56C1A80550D00617F3B /* Mediator_UML.png */,
				9C1EA5651A80522000617F3B /* main.m */,
				9C1EA56D1A80556C00617F3B /* Mediator.h */,
				9C1EA56E1A80556C00617F3B /* Mediator.m */,
			);
			path = Mediator;
			sourceTree = "<group>";
		};
/* End PBXGroup section */

/* Begin PBXNativeTarget section */
		9C1EA5611A80522000617F3B /* Mediator */ = {
			isa = PBXNativeTarget;
			buildConfigurationList = 9C1EA5691A80522000617F3B /* Build configuration list for PBXNativeTarget "Mediator" */;
			buildPhases = (
				9C1EA55E1A80522000617F3B /* Sources */,
				9C1EA55F1A80522000617F3B /* Frameworks */,
				9C1EA5601A80522000617F3B /* CopyFiles */,
			);
			buildRules = (
			);
			dependencies = (
			);
			name = Mediator;
			productName = Mediator;
			productReference = 9C1EA5621A80522000617F3B /* Mediator */;
			productType = "com.apple.product-type.tool";
		};
/* End PBXNativeTarget section */

/* Begin PBXProject section */
		9C1EA55A1A80522000617F3B /* Project object */ = {
			isa = PBXProject;
			attributes = {
				LastUpgradeCheck = 0610;
				ORGANIZATIONNAME = "Shengzhe Chen";
				TargetAttributes = {
					9C1EA5611A80522000617F3B = {
						CreatedOnToolsVersion = 6.1;
					};
				};
			};
			buildConfigurationList = 9C1EA55D1A80522000617F3B /* Build configuration list for PBXProject "Mediator" */;
			compatibilityVersion = "Xcode 3.2";
			developmentRegion = English;
			hasScannedForEncodings = 0;
			knownRegions = (
				en,
			);
			mainGroup = 9C1EA5591A80522000617F3B;
			productRefGroup = 9C1EA5631A80522000617F3B /* Products */;
			projectDirPath = "";
			projectRoot = "";
			targets = (
				9C1EA5611A80522000617F3B /* Mediator */,
			);
		};
/* End PBXProject section */

/* Begin PBXSourcesBuildPhase section */
		9C1EA55E1A80522000617F3B /* Sources */ = {
			isa = PBXSourcesBuildPhase;
			buildActionMask = 2147483647;
			files = (
				9C1EA56F1A80556C00617F3B /* Mediator.m in Sources */,
				9C1EA5661A80522000617F3B /* main.m in Sources */,
			);
			runOnlyForDeploymentPostprocessing = 0;
		};
/* End PBXSourcesBuildPhase section */

/* Begin XCBuildConfiguration section */
		9C1EA5671A80522000617F3B /* Debug */ = {
			isa = XCBuildConfiguration;
			buildSettings = {
				ALWAYS_SEARCH_USER_PATHS = NO;
				CLANG_CXX_LANGUAGE_STANDARD = "gnu++0x";
				CLANG_CXX_LIBRARY = "libc++";
				CLANG_ENABLE_MODULES = YES;
				CLANG_ENABLE_OBJC_ARC = YES;
				CLANG_WARN_BOOL_CONVERSION = YES;
				CLANG_WARN_CONSTANT_CONVERSION = YES;
				CLANG_WARN_DIRECT_OBJC_ISA_USAGE = YES_ERROR;
				CLANG_WARN_EMPTY_BODY = YES;
				CLANG_WARN_ENUM_CONVERSION = YES;
				CLANG_WARN_INT_CONVERSION = YES;
				CLANG_WARN_OBJC_ROOT_CLASS = YES_ERROR;
				CLANG_WARN_UNREACHABLE_CODE = YES;
				CLANG_WARN__DUPLICATE_METHOD_MATCH = YES;
				COPY_PHASE_STRIP = NO;
				ENABLE_STRICT_OBJC_MSGSEND = YES;
				GCC_C_LANGUAGE_STANDARD = gnu99;
				GCC_DYNAMIC_NO_PIC = NO;
				GCC_OPTIMIZATION_LEVEL = 0;
				GCC_PREPROCESSOR_DEFINITIONS = (
					"DEBUG=1",
					"$(inherited)",
				);
				GCC_SYMBOLS_PRIVATE_EXTERN = NO;
				GCC_WARN_64_TO_32_BIT_CONVERSION = YES;
				GCC_WARN_ABOUT_RETURN_TYPE = YES_ERROR;
				GCC_WARN_UNDECLARED_SELECTOR = YES;
				GCC_WARN_UNINITIALIZED_AUTOS = YES_AGGRESSIVE;
				GCC_WARN_UNUSED_FUNCTION = YES;
				GCC_WARN_UNUSED_VARIABLE = YES;
				MACOSX_DEPLOYMENT_TARGET = 10.10;
				MTL_ENABLE_DEBUG_INFO = YES;
				ONLY_ACTIVE_ARCH = YES;
				SDKROOT = macosx;
			};
			name = Debug;
		};
		9C1EA5681A80522000617F3B /* Release */ = {
			isa = XCBuildConfiguration;
			buildSettings = {
				ALWAYS_SEARCH_USER_PATHS = NO;
				CLANG_CXX_LANGUAGE_STANDARD = "gnu++0x";
				CLANG_CXX_LIBRARY = "libc++";
				CLANG_ENABLE_MODULES = YES;
				CLANG_ENABLE_OBJC_ARC = YES;
				CLANG_WARN_BOOL_CONVERSION = YES;
				CLANG_WARN_CONSTANT_CONVERSION = YES;
				CLANG_WARN_DIRECT_OBJC_ISA_USAGE = YES_ERROR;
				CLANG_WARN_EMPTY_BODY = YES;
				CLANG_WARN_ENUM_CONVERSION = YES;
				CLANG_WARN_INT_CONVERSION = YES;
				CLANG_WARN_OBJC_ROOT_CLASS = YES_ERROR;
				CLANG_WARN_UNREACHABLE_CODE = YES;
				CLANG_WARN__DUPLICATE_METHOD_MATCH = YES;
				COPY_PHASE_STRIP = YES;
				DEBUG_INFORMATION_FORMAT = "dwarf-with-dsym";
				ENABLE_NS_ASSERTIONS = NO;
				ENABLE_STRICT_OBJC_MSGSEND = YES;
				GCC_C_LANGUAGE_STANDARD = gnu99;
				GCC_WARN_64_TO_32_BIT_CONVERSION = YES;
				GCC_WARN_ABOUT_RETURN_TYPE = YES_ERROR;
				GCC_WARN_UNDECLARED_SELECTOR = YES;
				GCC_WARN_UNINITIALIZED_AUTOS = YES_AGGRESSIVE;
				GCC_WARN_UNUSED_FUNCTION = YES;
				GCC_WARN_UNUSED_VARIABLE = YES;
				MACOSX_DEPLOYMENT_TARGET = 10.10;
				MTL_ENABLE_DEBUG_INFO = NO;
				SDKROOT = macosx;
			};
			name = Release;
		};
		9C1EA56A1A80522000617F3B /* Debug */ = {
			isa = XCBuildConfiguration;
			buildSettings = {
				PRODUCT_NAME = "$(TARGET_NAME)";
			};
			name = Debug;
		};
		9C1EA56B1A80522000617F3B /* Release */ = {
			isa = XCBuildConfiguration;
			buildSettings = {
				PRODUCT_NAME = "$(TARGET_NAME)";
			};
			name = Release;
		};
/* End XCBuildConfiguration section */

/* Begin XCConfigurationList section */
		9C1EA55D1A80522000617F3B /* Build configuration list for PBXProject "Mediator" */ = {
			isa = XCConfigurationList;
			buildConfigurations = (
				9C1EA5671A80522000617F3B /* Debug */,
				9C1EA5681A80522000617F3B /* Release */,
			);
			defaultConfigurationIsVisible = 0;
			defaultConfigurationName = Release;
		};
		9C1EA5691A80522000617F3B /* Build configuration list for PBXNativeTarget "Mediator" */ = {
			isa = XCConfigurationList;
			buildConfigurations = (
				9C1EA56A1A80522000617F3B /* Debug */,
				9C1EA56B1A80522000617F3B /* Release */,
			);
			defaultConfigurationIsVisible = 0;
		};
/* End XCConfigurationList section */
	};
	rootObject = 9C1EA55A1A80522000617F3B /* Project object */;
}
